
Microsoft Visual Studio Solution File, Format Version 12.00
# Visual Studio 15
VisualStudioVersion = 15.0.28307.1705
MinimumVisualStudioVersion = 10.0.40219.1
Project("{FAE04EC0-301F-11D3-BF4B-00C04F79EFBC}") = "DotNetMVCSample", "DotNetMVCSample\DotNetMVCSample.csproj", "{F47E9B4B-F055-41C4-8086-E4DE222D52A1}"
EndProject
Global
	GlobalSection(SolutionConfigurationPlatforms) = preSolution
		Debug|Any CPU = Debug|Any CPU
		Release|Any CPU = Release|Any CPU
	EndGlobalSection
	GlobalSection(ProjectConfigurationPlatforms) = postSolution
		{F47E9B4B-F055-41C4-8086-E4DE222D52A1}.Debug|Any CPU.ActiveCfg = Debug|Any CPU
		{F47E9B4B-F055-41C4-8086-E4DE222D52A1}.Debug|Any CPU.Build.0 = Debug|Any CPU
		{F47E9B4B-F055-41C4-8086-E4DE222D52A1}.Release|Any CPU.ActiveCfg = Release|Any CPU
		{F47E9B4B-F055-41C4-8086-E4DE222D52A1}.Release|Any CPU.Build.0 = Release|Any CPU
	EndGlobalSection
	GlobalSection(SolutionProperties) = preSolution
		HideSolutionNode = FALSE
	EndGlobalSection
	GlobalSection(ExtensibilityGlobals) = postSolution
		SolutionGuid = {82E13D0F-959C-44F3-A69D-35A961BE0872}
	EndGlobalSection
EndGlobal
